
Microsoft Visual Studio Solution File, Format Version 12.00
# Visual Studio Version 16
VisualStudioVersion = 16.0.29709.97
MinimumVisualStudioVersion = 10.0.40219.1
Project("{2150E333-8FDC-42A3-9474-1A3956D46DE8}") = "Solution Items", "Solution Items", "{B8B40017-8285-408E-B43A-CB84DDA0F360}"
	ProjectSection(SolutionItems) = preProject
		.editorconfig = .editorconfig
		.gitattributes = .gitattributes
		.gitignore = .gitignore
	EndProjectSection
EndProject
Project("{9A19103F-16F7-4668-BE54-9A1E7A4F7556}") = "Prima.Extra", "Prima.Extra\Prima.Extra.csproj", "{2BA2F71E-46D9-4BD8-B1C6-49E8BBFD6A45}"
EndProject
Project("{9A19103F-16F7-4668-BE54-9A1E7A4F7556}") = "Prima", "Prima\Prima.csproj", "{C4302947-54DE-4EC1-B078-7DFF258DAEC2}"
EndProject
Project("{9A19103F-16F7-4668-BE54-9A1E7A4F7556}") = "Prima.Census", "Prima.Clerical\Prima.Census.csproj", "{A93463FB-3071-40F1-B55B-CC75862DC06A}"
EndProject
Project("{9A19103F-16F7-4668-BE54-9A1E7A4F7556}") = "Prima.Scheduler", "Prima.Scheduler\Prima.Scheduler.csproj", "{98F05AB3-3711-4C54-84FC-FD0A023CE395}"
EndProject
Project("{FAE04EC0-301F-11D3-BF4B-00C04F79EFBC}") = "Prima.Moderation", "Prima.Moderation\Prima.Moderation.csproj", "{C8313C61-CC18-4A82-814F-A6D34C85FF3A}"
EndProject
Global
	GlobalSection(SolutionConfigurationPlatforms) = preSolution
		Debug|Any CPU = Debug|Any CPU
		Release|Any CPU = Release|Any CPU
	EndGlobalSection
	GlobalSection(ProjectConfigurationPlatforms) = postSolution
		{2BA2F71E-46D9-4BD8-B1C6-49E8BBFD6A45}.Debug|Any CPU.ActiveCfg = Debug|Any CPU
		{2BA2F71E-46D9-4BD8-B1C6-49E8BBFD6A45}.Debug|Any CPU.Build.0 = Debug|Any CPU
		{2BA2F71E-46D9-4BD8-B1C6-49E8BBFD6A45}.Release|Any CPU.ActiveCfg = Release|Any CPU
		{2BA2F71E-46D9-4BD8-B1C6-49E8BBFD6A45}.Release|Any CPU.Build.0 = Release|Any CPU
		{C4302947-54DE-4EC1-B078-7DFF258DAEC2}.Debug|Any CPU.ActiveCfg = Debug|Any CPU
		{C4302947-54DE-4EC1-B078-7DFF258DAEC2}.Debug|Any CPU.Build.0 = Debug|Any CPU
		{C4302947-54DE-4EC1-B078-7DFF258DAEC2}.Release|Any CPU.ActiveCfg = Release|Any CPU
		{C4302947-54DE-4EC1-B078-7DFF258DAEC2}.Release|Any CPU.Build.0 = Release|Any CPU
		{A93463FB-3071-40F1-B55B-CC75862DC06A}.Debug|Any CPU.ActiveCfg = Debug|Any CPU
		{A93463FB-3071-40F1-B55B-CC75862DC06A}.Debug|Any CPU.Build.0 = Debug|Any CPU
		{A93463FB-3071-40F1-B55B-CC75862DC06A}.Release|Any CPU.ActiveCfg = Release|Any CPU
		{A93463FB-3071-40F1-B55B-CC75862DC06A}.Release|Any CPU.Build.0 = Release|Any CPU
		{98F05AB3-3711-4C54-84FC-FD0A023CE395}.Debug|Any CPU.ActiveCfg = Debug|Any CPU
		{98F05AB3-3711-4C54-84FC-FD0A023CE395}.Debug|Any CPU.Build.0 = Debug|Any CPU
		{98F05AB3-3711-4C54-84FC-FD0A023CE395}.Release|Any CPU.ActiveCfg = Release|Any CPU
		{98F05AB3-3711-4C54-84FC-FD0A023CE395}.Release|Any CPU.Build.0 = Release|Any CPU
		{C8313C61-CC18-4A82-814F-A6D34C85FF3A}.Debug|Any CPU.ActiveCfg = Debug|Any CPU
		{C8313C61-CC18-4A82-814F-A6D34C85FF3A}.Debug|Any CPU.Build.0 = Debug|Any CPU
		{C8313C61-CC18-4A82-814F-A6D34C85FF3A}.Release|Any CPU.ActiveCfg = Release|Any CPU
		{C8313C61-CC18-4A82-814F-A6D34C85FF3A}.Release|Any CPU.Build.0 = Release|Any CPU
	EndGlobalSection
	GlobalSection(SolutionProperties) = preSolution
		HideSolutionNode = FALSE
	EndGlobalSection
	GlobalSection(ExtensibilityGlobals) = postSolution
		SolutionGuid = {B5B23EBF-6651-4535-A960-D7270EBDD563}
	EndGlobalSection
EndGlobal
